
Microsoft Visual Studio Solution File, Format Version 12.00
# Visual Studio Version 16
VisualStudioVersion = 16.0.31105.61
MinimumVisualStudioVersion = 10.0.40219.1
Project("{FAE04EC0-301F-11D3-BF4B-00C04F79EFBC}") = "2021_03_10_GitHub", "2021_03_10_GitHub\2021_03_10_GitHub.csproj", "{459EF0E2-EED4-49B5-ACCC-B8F3EB7FBDE2}"
EndProject
Global
	GlobalSection(SolutionConfigurationPlatforms) = preSolution
		Debug|Any CPU = Debug|Any CPU
		Release|Any CPU = Release|Any CPU
	EndGlobalSection
	GlobalSection(ProjectConfigurationPlatforms) = postSolution
		{459EF0E2-EED4-49B5-ACCC-B8F3EB7FBDE2}.Debug|Any CPU.ActiveCfg = Debug|Any CPU
		{459EF0E2-EED4-49B5-ACCC-B8F3EB7FBDE2}.Debug|Any CPU.Build.0 = Debug|Any CPU
		{459EF0E2-EED4-49B5-ACCC-B8F3EB7FBDE2}.Release|Any CPU.ActiveCfg = Release|Any CPU
		{459EF0E2-EED4-49B5-ACCC-B8F3EB7FBDE2}.Release|Any CPU.Build.0 = Release|Any CPU
	EndGlobalSection
	GlobalSection(SolutionProperties) = preSolution
		HideSolutionNode = FALSE
	EndGlobalSection
	GlobalSection(ExtensibilityGlobals) = postSolution
		SolutionGuid = {DD6125F2-12DC-446B-A568-62AD5463A840}
	EndGlobalSection
EndGlobal
